{
  "requires": true,
  "lockfileVersion": 1,
  "dependencies": {
    "@dcloudio/uni-ui": {
      "version": "1.4.26",
      "resolved": "https://registry.npmmirror.com/@dcloudio/uni-ui/-/uni-ui-1.4.26.tgz",
      "integrity": "sha512-JpYXNi9WEmFeTcF6EWrksrMqA0HEl76nxW/Imd0PW1qm/7TORAGSpvMmEDYrMQ3vIbRQFV+n6bhiJIWi34u/5Q=="
    }
  }
}
